
Microsoft Visual Studio Solution File, Format Version 12.00
# Visual Studio Version 17
VisualStudioVersion = 17.14.36221.1
MinimumVisualStudioVersion = 10.0.40219.1
Project("{FAE04EC0-301F-11D3-BF4B-00C04F79EFBC}") = "TakasKafka", "TakasKafka\TakasKafka.csproj", "{F0DC80B4-AA4B-9E5E-AFBE-1774ADCB89EB}"
EndProject
Project("{FAE04EC0-301F-11D3-BF4B-00C04F79EFBC}") = "TakasKafka.AppHost", "TakasKafka.AppHost\TakasKafka.AppHost.csproj", "{699C8E7B-57AB-4FD3-84EB-E2D6B6391EEC}"
EndProject
Project("{FAE04EC0-301F-11D3-BF4B-00C04F79EFBC}") = "TakasKafka.ServiceDefaults", "TakasKafka.ServiceDefaults\TakasKafka.ServiceDefaults.csproj", "{CD39C269-DC99-0D8F-3113-DC419EBE52F2}"
EndProject
Global
	GlobalSection(SolutionConfigurationPlatforms) = preSolution
		Debug|Any CPU = Debug|Any CPU
		Debug|x64 = Debug|x64
		Debug|x86 = Debug|x86
		Release|Any CPU = Release|Any CPU
		Release|x64 = Release|x64
		Release|x86 = Release|x86
	EndGlobalSection
	GlobalSection(ProjectConfigurationPlatforms) = postSolution
		{F0DC80B4-AA4B-9E5E-AFBE-1774ADCB89EB}.Debug|Any CPU.ActiveCfg = Debug|Any CPU
		{F0DC80B4-AA4B-9E5E-AFBE-1774ADCB89EB}.Debug|Any CPU.Build.0 = Debug|Any CPU
		{F0DC80B4-AA4B-9E5E-AFBE-1774ADCB89EB}.Debug|x64.ActiveCfg = Debug|Any CPU
		{F0DC80B4-AA4B-9E5E-AFBE-1774ADCB89EB}.Debug|x64.Build.0 = Debug|Any CPU
		{F0DC80B4-AA4B-9E5E-AFBE-1774ADCB89EB}.Debug|x86.ActiveCfg = Debug|Any CPU
		{F0DC80B4-AA4B-9E5E-AFBE-1774ADCB89EB}.Debug|x86.Build.0 = Debug|Any CPU
		{F0DC80B4-AA4B-9E5E-AFBE-1774ADCB89EB}.Release|Any CPU.ActiveCfg = Release|Any CPU
		{F0DC80B4-AA4B-9E5E-AFBE-1774ADCB89EB}.Release|Any CPU.Build.0 = Release|Any CPU
		{F0DC80B4-AA4B-9E5E-AFBE-1774ADCB89EB}.Release|x64.ActiveCfg = Release|Any CPU
		{F0DC80B4-AA4B-9E5E-AFBE-1774ADCB89EB}.Release|x64.Build.0 = Release|Any CPU
		{F0DC80B4-AA4B-9E5E-AFBE-1774ADCB89EB}.Release|x86.ActiveCfg = Release|Any CPU
		{F0DC80B4-AA4B-9E5E-AFBE-1774ADCB89EB}.Release|x86.Build.0 = Release|Any CPU
		{699C8E7B-57AB-4FD3-84EB-E2D6B6391EEC}.Debug|Any CPU.ActiveCfg = Debug|Any CPU
		{699C8E7B-57AB-4FD3-84EB-E2D6B6391EEC}.Debug|Any CPU.Build.0 = Debug|Any CPU
		{699C8E7B-57AB-4FD3-84EB-E2D6B6391EEC}.Debug|x64.ActiveCfg = Debug|Any CPU
		{699C8E7B-57AB-4FD3-84EB-E2D6B6391EEC}.Debug|x64.Build.0 = Debug|Any CPU
		{699C8E7B-57AB-4FD3-84EB-E2D6B6391EEC}.Debug|x86.ActiveCfg = Debug|Any CPU
		{699C8E7B-57AB-4FD3-84EB-E2D6B6391EEC}.Debug|x86.Build.0 = Debug|Any CPU
		{699C8E7B-57AB-4FD3-84EB-E2D6B6391EEC}.Release|Any CPU.ActiveCfg = Release|Any CPU
		{699C8E7B-57AB-4FD3-84EB-E2D6B6391EEC}.Release|Any CPU.Build.0 = Release|Any CPU
		{699C8E7B-57AB-4FD3-84EB-E2D6B6391EEC}.Release|x64.ActiveCfg = Release|Any CPU
		{699C8E7B-57AB-4FD3-84EB-E2D6B6391EEC}.Release|x64.Build.0 = Release|Any CPU
		{699C8E7B-57AB-4FD3-84EB-E2D6B6391EEC}.Release|x86.ActiveCfg = Release|Any CPU
		{699C8E7B-57AB-4FD3-84EB-E2D6B6391EEC}.Release|x86.Build.0 = Release|Any CPU
		{CD39C269-DC99-0D8F-3113-DC419EBE52F2}.Debug|Any CPU.ActiveCfg = Debug|Any CPU
		{CD39C269-DC99-0D8F-3113-DC419EBE52F2}.Debug|Any CPU.Build.0 = Debug|Any CPU
		{CD39C269-DC99-0D8F-3113-DC419EBE52F2}.Debug|x64.ActiveCfg = Debug|Any CPU
		{CD39C269-DC99-0D8F-3113-DC419EBE52F2}.Debug|x64.Build.0 = Debug|Any CPU
		{CD39C269-DC99-0D8F-3113-DC419EBE52F2}.Debug|x86.ActiveCfg = Debug|Any CPU
		{CD39C269-DC99-0D8F-3113-DC419EBE52F2}.Debug|x86.Build.0 = Debug|Any CPU
		{CD39C269-DC99-0D8F-3113-DC419EBE52F2}.Release|Any CPU.ActiveCfg = Release|Any CPU
		{CD39C269-DC99-0D8F-3113-DC419EBE52F2}.Release|Any CPU.Build.0 = Release|Any CPU
		{CD39C269-DC99-0D8F-3113-DC419EBE52F2}.Release|x64.ActiveCfg = Release|Any CPU
		{CD39C269-DC99-0D8F-3113-DC419EBE52F2}.Release|x64.Build.0 = Release|Any CPU
		{CD39C269-DC99-0D8F-3113-DC419EBE52F2}.Release|x86.ActiveCfg = Release|Any CPU
		{CD39C269-DC99-0D8F-3113-DC419EBE52F2}.Release|x86.Build.0 = Release|Any CPU
	EndGlobalSection
	GlobalSection(SolutionProperties) = preSolution
		HideSolutionNode = FALSE
	EndGlobalSection
	GlobalSection(ExtensibilityGlobals) = postSolution
		SolutionGuid = {7561DF59-813C-4375-BBA4-9F67CA45AB5F}
	EndGlobalSection
EndGlobal
